{
  "name": "@gormus/package-release-demo",
  "version": "1.0.0",
  "lockfileVersion": 3,
  "requires": true,
  "packages": {
    "": {
      "name": "@gormus/package-release-demo",
      "version": "1.0.0",
      "license": "MIT",
      "devDependencies": {},
      "engines": {
        "bun": "Use npm package manager.",
        "node": ">=22.0.0",
        "npm": ">=10.9.0",
        "pnpm": "Use npm package manager.",
        "yarn": "Use npm package manager."
      }
    }
  }
}
